
Microsoft Visual Studio Solution File, Format Version 12.00
# Visual Studio Version 17
VisualStudioVersion = 17.4.33122.133
MinimumVisualStudioVersion = 10.0.40219.1
Project("{FAE04EC0-301F-11D3-BF4B-00C04F79EFBC}") = "Zoo", "Zoo\Zoo.csproj", "{7739BF7E-1AB3-4453-9794-12DEB657B30C}"
EndProject
Global
	GlobalSection(SolutionConfigurationPlatforms) = preSolution
		Debug|Any CPU = Debug|Any CPU
		Release|Any CPU = Release|Any CPU
	EndGlobalSection
	GlobalSection(ProjectConfigurationPlatforms) = postSolution
		{7739BF7E-1AB3-4453-9794-12DEB657B30C}.Debug|Any CPU.ActiveCfg = Debug|Any CPU
		{7739BF7E-1AB3-4453-9794-12DEB657B30C}.Debug|Any CPU.Build.0 = Debug|Any CPU
		{7739BF7E-1AB3-4453-9794-12DEB657B30C}.Release|Any CPU.ActiveCfg = Release|Any CPU
		{7739BF7E-1AB3-4453-9794-12DEB657B30C}.Release|Any CPU.Build.0 = Release|Any CPU
	EndGlobalSection
	GlobalSection(SolutionProperties) = preSolution
		HideSolutionNode = FALSE
	EndGlobalSection
	GlobalSection(ExtensibilityGlobals) = postSolution
		SolutionGuid = {9AF487C4-A82C-4B72-A56C-7C822F664F7E}
	EndGlobalSection
EndGlobal
